
Microsoft Visual Studio Solution File, Format Version 12.00
# Visual Studio Version 17
VisualStudioVersion = 17.8.34309.116
MinimumVisualStudioVersion = 10.0.40219.1
Project("{FAE04EC0-301F-11D3-BF4B-00C04F79EFBC}") = "Primera Aplicacion", "Primera Aplicacion\Primera Aplicacion.csproj", "{0599DD89-BE3B-47A1-805E-42045207C286}"
EndProject
Global
	GlobalSection(SolutionConfigurationPlatforms) = preSolution
		Debug|Any CPU = Debug|Any CPU
		Release|Any CPU = Release|Any CPU
	EndGlobalSection
	GlobalSection(ProjectConfigurationPlatforms) = postSolution
		{0599DD89-BE3B-47A1-805E-42045207C286}.Debug|Any CPU.ActiveCfg = Debug|Any CPU
		{0599DD89-BE3B-47A1-805E-42045207C286}.Debug|Any CPU.Build.0 = Debug|Any CPU
		{0599DD89-BE3B-47A1-805E-42045207C286}.Release|Any CPU.ActiveCfg = Release|Any CPU
		{0599DD89-BE3B-47A1-805E-42045207C286}.Release|Any CPU.Build.0 = Release|Any CPU
	EndGlobalSection
	GlobalSection(SolutionProperties) = preSolution
		HideSolutionNode = FALSE
	EndGlobalSection
	GlobalSection(ExtensibilityGlobals) = postSolution
		SolutionGuid = {FF2750A2-C304-4CA3-BF04-BB40C4BBB83B}
	EndGlobalSection
EndGlobal
